
Microsoft Visual Studio Solution File, Format Version 12.00
# Visual Studio 15
VisualStudioVersion = 15.0.28307.645
MinimumVisualStudioVersion = 10.0.40219.1
Project("{FAE04EC0-301F-11D3-BF4B-00C04F79EFBC}") = "aspnetmvc-webapp", "aspnetmvc-webapp\aspnetmvc-webapp.csproj", "{C19EE393-89C4-4A53-87E9-A1A07391F449}"
EndProject
Project("{FAE04EC0-301F-11D3-BF4B-00C04F79EFBC}") = "AspNetMvc5.DemoLib", "AspNetMvc5.DemoLib\AspNetMvc5.DemoLib.csproj", "{4461ACDB-55C5-4036-BCB4-E7E94711DF65}"
EndProject
Global
	GlobalSection(SolutionConfigurationPlatforms) = preSolution
		Debug|Any CPU = Debug|Any CPU
		Release|Any CPU = Release|Any CPU
	EndGlobalSection
	GlobalSection(ProjectConfigurationPlatforms) = postSolution
		{C19EE393-89C4-4A53-87E9-A1A07391F449}.Debug|Any CPU.ActiveCfg = Debug|Any CPU
		{C19EE393-89C4-4A53-87E9-A1A07391F449}.Debug|Any CPU.Build.0 = Debug|Any CPU
		{C19EE393-89C4-4A53-87E9-A1A07391F449}.Release|Any CPU.ActiveCfg = Release|Any CPU
		{C19EE393-89C4-4A53-87E9-A1A07391F449}.Release|Any CPU.Build.0 = Release|Any CPU
		{4461ACDB-55C5-4036-BCB4-E7E94711DF65}.Debug|Any CPU.ActiveCfg = Debug|Any CPU
		{4461ACDB-55C5-4036-BCB4-E7E94711DF65}.Debug|Any CPU.Build.0 = Debug|Any CPU
		{4461ACDB-55C5-4036-BCB4-E7E94711DF65}.Release|Any CPU.ActiveCfg = Release|Any CPU
		{4461ACDB-55C5-4036-BCB4-E7E94711DF65}.Release|Any CPU.Build.0 = Release|Any CPU
	EndGlobalSection
	GlobalSection(SolutionProperties) = preSolution
		HideSolutionNode = FALSE
	EndGlobalSection
	GlobalSection(ExtensibilityGlobals) = postSolution
		SolutionGuid = {AE31E45D-FA0F-4B7C-9FFB-2DDC1FD807AC}
	EndGlobalSection
EndGlobal
